{
  "version": 4,
  "terraform_version": "1.7.5",
  "serial": 17,
  "lineage": "d565fbe6-5c05-0f13-6393-3dc00cd66273",
  "outputs": {},
  "resources": [
    {
      "mode": "managed",
      "type": "libvirt_domain",
      "name": "test_01",
      "provider": "provider[\"registry.terraform.io/dmacvicar/libvirt\"]",
      "instances": [
        {
          "schema_version": 0,
          "attributes": {
            "arch": "x86_64",
            "autostart": false,
            "boot_device": [],
            "cloudinit": null,
            "cmdline": null,
            "console": [],
            "coreos_ignition": null,
            "cpu": null,
            "description": "",
            "disk": null,
            "emulator": "/usr/bin/qemu-system-x86_64",
            "filesystem": [],
            "firmware": "",
            "fw_cfg_name": "opt/com.coreos/config",
            "graphics": [
              {
                "autoport": true,
                "listen_address": "127.0.0.1",
                "listen_type": "none",
                "type": "vnc"
              }
            ],
            "id": "174e964f-7d0d-42f3-a5df-8ee4577b0314",
            "initrd": "",
            "kernel": "/home/cicd/test_vm",
            "machine": "pc",
            "memory": 2048,
            "metadata": null,
            "name": "suse",
            "network_interface": [
              {
                "addresses": [],
                "bridge": "",
                "hostname": "suse",
                "mac": "52:54:00:C6:96:72",
                "macvtap": "",
                "network_id": "5d483602-dc1f-4784-abd1-ec8390510b98",
                "network_name": "rke_test_network",
                "passthrough": "",
                "vepa": "",
                "wait_for_lease": false
              }
            ],
            "nvram": [],
            "qemu_agent": false,
            "running": true,
            "timeouts": null,
            "vcpu": 2,
            "video": [],
            "xml": []
          },
          "sensitive_attributes": [],
          "private": "eyJlMmJmYjczMC1lY2FhLTExZTYtOGY4OC0zNDM2M2JjN2M0YzAiOnsiY3JlYXRlIjozMDAwMDAwMDAwMDB9fQ==",
          "dependencies": [
            "libvirt_network.rke_test_network",
            "libvirt_pool.data_pool_01",
            "libvirt_volume.kernel_01"
          ]
        }
      ]
    },
    {
      "mode": "managed",
      "type": "libvirt_network",
      "name": "rke_test_network",
      "provider": "provider[\"registry.terraform.io/dmacvicar/libvirt\"]",
      "instances": [
        {
          "schema_version": 0,
          "attributes": {
            "addresses": [
              "10.0.1.0/24"
            ],
            "autostart": false,
            "bridge": "virbr1",
            "dhcp": [],
            "dns": [
              {
                "enabled": true,
                "forwarders": [],
                "hosts": [],
                "local_only": false,
                "srvs": []
              }
            ],
            "domain": "rke.prokop",
            "id": "5d483602-dc1f-4784-abd1-ec8390510b98",
            "mode": "nat",
            "mtu": null,
            "name": "rke_test_network",
            "routes": [],
            "xml": []
          },
          "sensitive_attributes": [],
          "private": "bnVsbA=="
        }
      ]
    },
    {
      "mode": "managed",
      "type": "libvirt_pool",
      "name": "data_pool_01",
      "provider": "provider[\"registry.terraform.io/dmacvicar/libvirt\"]",
      "instances": [
        {
          "schema_version": 0,
          "attributes": {
            "allocation": 8886984704,
            "available": null,
            "capacity": 971114430464,
            "id": "a032d83b-b8e6-4016-8dbc-89e253e0c850",
            "name": "data_pool_01",
            "path": "/home/cicd",
            "type": "dir",
            "xml": []
          },
          "sensitive_attributes": [],
          "private": "bnVsbA=="
        }
      ]
    },
    {
      "mode": "managed",
      "type": "libvirt_volume",
      "name": "kernel_01",
      "provider": "provider[\"registry.terraform.io/dmacvicar/libvirt\"]",
      "instances": [
        {
          "schema_version": 0,
          "attributes": {
            "base_volume_id": null,
            "base_volume_name": null,
            "base_volume_pool": null,
            "format": "iso",
            "id": "/home/cicd/test_vm",
            "name": "test_vm",
            "pool": "data_pool_01",
            "size": 4413456384,
            "source": "/home/marcin/Downloads/openSUSE-Leap-15.5-DVD-x86_64-Build491.1-Media.iso",
            "xml": []
          },
          "sensitive_attributes": [],
          "private": "bnVsbA==",
          "dependencies": [
            "libvirt_pool.data_pool_01"
          ]
        }
      ]
    }
  ],
  "check_results": null
}
